
Microsoft Visual Studio Solution File, Format Version 12.00
# Visual Studio Version 16
VisualStudioVersion = 16.0.30907.101
MinimumVisualStudioVersion = 10.0.40219.1
Project("{9A19103F-16F7-4668-BE54-9A1E7A4F7556}") = "RTPAudio", "RTPAudio\RTPAudio.csproj", "{8A6A47EE-5C18-42B0-A773-2120E9EA56AD}"
EndProject
Project("{2150E333-8FDC-42A3-9474-1A3956D46DE8}") = "Solution Items", "Solution Items", "{3B70537C-F260-4FDF-B609-10A481AF197B}"
	ProjectSection(SolutionItems) = preProject
		Backup.txt = Backup.txt
	EndProjectSection
EndProject
Global
	GlobalSection(SolutionConfigurationPlatforms) = preSolution
		Debug|Any CPU = Debug|Any CPU
		Release|Any CPU = Release|Any CPU
	EndGlobalSection
	GlobalSection(ProjectConfigurationPlatforms) = postSolution
		{8A6A47EE-5C18-42B0-A773-2120E9EA56AD}.Debug|Any CPU.ActiveCfg = Debug|Any CPU
		{8A6A47EE-5C18-42B0-A773-2120E9EA56AD}.Debug|Any CPU.Build.0 = Debug|Any CPU
		{8A6A47EE-5C18-42B0-A773-2120E9EA56AD}.Release|Any CPU.ActiveCfg = Release|Any CPU
		{8A6A47EE-5C18-42B0-A773-2120E9EA56AD}.Release|Any CPU.Build.0 = Release|Any CPU
	EndGlobalSection
	GlobalSection(SolutionProperties) = preSolution
		HideSolutionNode = FALSE
	EndGlobalSection
	GlobalSection(ExtensibilityGlobals) = postSolution
		SolutionGuid = {76933BE2-6148-4266-9348-A348A446923F}
	EndGlobalSection
EndGlobal
